
Microsoft Visual Studio Solution File, Format Version 12.00
# Visual Studio Version 17
VisualStudioVersion = 17.3.32901.215
MinimumVisualStudioVersion = 10.0.40219.1
Project("{FAE04EC0-301F-11D3-BF4B-00C04F79EFBC}") = "Generateur_de_mot_de_passe", "Generateur_de_mot_de_passe\Generateur_de_mot_de_passe.csproj", "{84F752A0-FCF8-4BF2-975B-5F1EF499E86F}"
EndProject
Global
	GlobalSection(SolutionConfigurationPlatforms) = preSolution
		Debug|Any CPU = Debug|Any CPU
		Release|Any CPU = Release|Any CPU
	EndGlobalSection
	GlobalSection(ProjectConfigurationPlatforms) = postSolution
		{84F752A0-FCF8-4BF2-975B-5F1EF499E86F}.Debug|Any CPU.ActiveCfg = Debug|Any CPU
		{84F752A0-FCF8-4BF2-975B-5F1EF499E86F}.Debug|Any CPU.Build.0 = Debug|Any CPU
		{84F752A0-FCF8-4BF2-975B-5F1EF499E86F}.Release|Any CPU.ActiveCfg = Release|Any CPU
		{84F752A0-FCF8-4BF2-975B-5F1EF499E86F}.Release|Any CPU.Build.0 = Release|Any CPU
	EndGlobalSection
	GlobalSection(SolutionProperties) = preSolution
		HideSolutionNode = FALSE
	EndGlobalSection
	GlobalSection(ExtensibilityGlobals) = postSolution
		SolutionGuid = {07BFFE83-3FA4-4870-BA18-3730EEF7203B}
	EndGlobalSection
EndGlobal
